
Microsoft Visual Studio Solution File, Format Version 12.00
# Visual Studio Version 17
VisualStudioVersion = 17.9.34414.90
MinimumVisualStudioVersion = 10.0.40219.1
Project("{FAE04EC0-301F-11D3-BF4B-00C04F79EFBC}") = "TRPGLogArrangeTool", "TRPGLogArrangeTool.csproj", "{F026B026-8B7D-48B7-B1CE-3444547770C2}"
EndProject
Global
	GlobalSection(SolutionConfigurationPlatforms) = preSolution
		Debug|Any CPU = Debug|Any CPU
		Release|Any CPU = Release|Any CPU
	EndGlobalSection
	GlobalSection(ProjectConfigurationPlatforms) = postSolution
		{F026B026-8B7D-48B7-B1CE-3444547770C2}.Debug|Any CPU.ActiveCfg = Debug|Any CPU
		{F026B026-8B7D-48B7-B1CE-3444547770C2}.Debug|Any CPU.Build.0 = Debug|Any CPU
		{F026B026-8B7D-48B7-B1CE-3444547770C2}.Release|Any CPU.ActiveCfg = Release|Any CPU
		{F026B026-8B7D-48B7-B1CE-3444547770C2}.Release|Any CPU.Build.0 = Release|Any CPU
	EndGlobalSection
	GlobalSection(SolutionProperties) = preSolution
		HideSolutionNode = FALSE
	EndGlobalSection
	GlobalSection(ExtensibilityGlobals) = postSolution
		SolutionGuid = {A71A1A2B-D735-485D-824D-2E12649F0FEB}
	EndGlobalSection
EndGlobal
